
Microsoft Visual Studio Solution File, Format Version 12.00
# Visual Studio Version 16
VisualStudioVersion = 16.0.31702.278
MinimumVisualStudioVersion = 10.0.40219.1
Project("{FAE04EC0-301F-11D3-BF4B-00C04F79EFBC}") = "ControlScreener", "ControlScreener.csproj", "{A7588215-AF07-4B58-89A2-1E815888A868}"
EndProject
Global
	GlobalSection(SolutionConfigurationPlatforms) = preSolution
		Debug|Any CPU = Debug|Any CPU
		Release|Any CPU = Release|Any CPU
	EndGlobalSection
	GlobalSection(ProjectConfigurationPlatforms) = postSolution
		{A7588215-AF07-4B58-89A2-1E815888A868}.Debug|Any CPU.ActiveCfg = Debug|Any CPU
		{A7588215-AF07-4B58-89A2-1E815888A868}.Debug|Any CPU.Build.0 = Debug|Any CPU
		{A7588215-AF07-4B58-89A2-1E815888A868}.Release|Any CPU.ActiveCfg = Release|Any CPU
		{A7588215-AF07-4B58-89A2-1E815888A868}.Release|Any CPU.Build.0 = Release|Any CPU
	EndGlobalSection
	GlobalSection(SolutionProperties) = preSolution
		HideSolutionNode = FALSE
	EndGlobalSection
	GlobalSection(ExtensibilityGlobals) = postSolution
		SolutionGuid = {9F1F0A15-BF6A-4718-A8AA-79AE7330FEFA}
	EndGlobalSection
EndGlobal
